// !$*UTF8*$!
{
	archiveVersion = 1;
	classes = {
	};
	objectVersion = 50;
	objects = {

/* Begin PBXBuildFile section */
		1AD48A23236CB9330005E36F /* AppDelegate.swift in Sources */ = {isa = PBXBuildFile; fileRef = 1AD48A22236CB9330005E36F /* AppDelegate.swift */; };
		1AD48A25236CB9330005E36F /* SceneDelegate.swift in Sources */ = {isa = PBXBuildFile; fileRef = 1AD48A24236CB9330005E36F /* SceneDelegate.swift */; };
		1AD48A27236CB9330005E36F /* ViewController.swift in Sources */ = {isa = PBXBuildFile; fileRef = 1AD48A26236CB9330005E36F /* ViewController.swift */; };
		1AD48A2A236CB9330005E36F /* Main.storyboard in Resources */ = {isa = PBXBuildFile; fileRef = 1AD48A28236CB9330005E36F /* Main.storyboard */; };
		1AD48A2C236CB9340005E36F /* Assets.xcassets in Resources */ = {isa = PBXBuildFile; fileRef = 1AD48A2B236CB9340005E36F /* Assets.xcassets */; };
		1AD48A2F236CB9340005E36F /* LaunchScreen.storyboard in Resources */ = {isa = PBXBuildFile; fileRef = 1AD48A2D236CB9340005E36F /* LaunchScreen.storyboard */; };
		1AD48A37236CB9D20005E36F /* LC-full.jpg in Resources */ = {isa = PBXBuildFile; fileRef = 1AD48A36236CB9D20005E36F /* LC-full.jpg */; };
/* End PBXBuildFile section */

/* Begin PBXFileReference section */
		1AD48A1F236CB9330005E36F /* C0765373_F2019_MAD3115_Mid-Term-Test-P1Test.app */ = {isa = PBXFileReference; explicitFileType = wrapper.application; includeInIndex = 0; path = "C0765373_F2019_MAD3115_Mid-Term-Test-P1Test.app"; sourceTree = BUILT_PRODUCTS_DIR; };
		1AD48A22236CB9330005E36F /* AppDelegate.swift */ = {isa = PBXFileReference; lastKnownFileType = sourcecode.swift; path = AppDelegate.swift; sourceTree = "<group>"; };
		1AD48A24236CB9330005E36F /* SceneDelegate.swift */ = {isa = PBXFileReference; lastKnownFileType = sourcecode.swift; path = SceneDelegate.swift; sourceTree = "<group>"; };
		1AD48A26236CB9330005E36F /* ViewController.swift */ = {isa = PBXFileReference; lastKnownFileType = sourcecode.swift; path = ViewController.swift; sourceTree = "<group>"; };
		1AD48A29236CB9330005E36F /* Base */ = {isa = PBXFileReference; lastKnownFileType = file.storyboard; name = Base; path = Base.lproj/Main.storyboard; sourceTree = "<group>"; };
		1AD48A2B236CB9340005E36F /* Assets.xcassets */ = {isa = PBXFileReference; lastKnownFileType = folder.assetcatalog; path = Assets.xcassets; sourceTree = "<group>"; };
		1AD48A2E236CB9340005E36F /* Base */ = {isa = PBXFileReference; lastKnownFileType = file.storyboard; name = Base; path = Base.lproj/LaunchScreen.storyboard; sourceTree = "<group>"; };
		1AD48A30236CB9340005E36F /* Info.plist */ = {isa = PBXFileReference; lastKnownFileType = text.plist.xml; path = Info.plist; sourceTree = "<group>"; };
		1AD48A36236CB9D20005E36F /* LC-full.jpg */ = {isa = PBXFileReference; lastKnownFileType = image.jpeg; path = "LC-full.jpg"; sourceTree = "<group>"; };
/* End PBXFileReference section */

/* Begin PBXFrameworksBuildPhase section */
		1AD48A1C236CB9330005E36F /* Frameworks */ = {
			isa = PBXFrameworksBuildPhase;
			buildActionMask = 2147483647;
			files = (
			);
			runOnlyForDeploymentPostprocessing = 0;
		};
/* End PBXFrameworksBuildPhase section */

/* Begin PBXGroup section */
		1AD48A16236CB9330005E36F = {
			isa = PBXGroup;
			children = (
				1AD48A21236CB9330005E36F /* C0765373_F2019_MAD3115_Mid-Term-Test-P1Test */,
				1AD48A20236CB9330005E36F /* Products */,
			);
			sourceTree = "<group>";
		};
		1AD48A20236CB9330005E36F /* Products */ = {
			isa = PBXGroup;
			children = (
				1AD48A1F236CB9330005E36F /* C0765373_F2019_MAD3115_Mid-Term-Test-P1Test.app */,
			);
			name = Products;
			sourceTree = "<group>";
		};
		1AD48A21236CB9330005E36F /* C0765373_F2019_MAD3115_Mid-Term-Test-P1Test */ = {
			isa = PBXGroup;
			children = (
				1AD48A22236CB9330005E36F /* AppDelegate.swift */,
				1AD48A24236CB9330005E36F /* SceneDelegate.swift */,
				1AD48A26236CB9330005E36F /* ViewController.swift */,
				1AD48A28236CB9330005E36F /* Main.storyboard */,
				1AD48A36236CB9D20005E36F /* LC-full.jpg */,
				1AD48A2B236CB9340005E36F /* Assets.xcassets */,
				1AD48A2D236CB9340005E36F /* LaunchScreen.storyboard */,
				1AD48A30236CB9340005E36F /* Info.plist */,
			);
			path = "C0765373_F2019_MAD3115_Mid-Term-Test-P1Test";
			sourceTree = "<group>";
		};
/* End PBXGroup section */

/* Begin PBXNativeTarget section */
		1AD48A1E236CB9330005E36F /* C0765373_F2019_MAD3115_Mid-Term-Test-P1Test */ = {
			isa = PBXNativeTarget;
			buildConfigurationList = 1AD48A33236CB9340005E36F /* Build configuration list for PBXNativeTarget "C0765373_F2019_MAD3115_Mid-Term-Test-P1Test" */;
			buildPhases = (
				1AD48A1B236CB9330005E36F /* Sources */,
				1AD48A1C236CB9330005E36F /* Frameworks */,
				1AD48A1D236CB9330005E36F /* Resources */,
			);
			buildRules = (
			);
			dependencies = (
			);
			name = "C0765373_F2019_MAD3115_Mid-Term-Test-P1Test";
			productName = "C0765373_F2019_MAD3115_Mid-Term-Test-P1Test";
			productReference = 1AD48A1F236CB9330005E36F /* C0765373_F2019_MAD3115_Mid-Term-Test-P1Test.app */;
			productType = "com.apple.product-type.application";
		};
/* End PBXNativeTarget section */

/* Begin PBXProject section */
		1AD48A17236CB9330005E36F /* Project object */ = {
			isa = PBXProject;
			attributes = {
				LastSwiftUpdateCheck = 1110;
				LastUpgradeCheck = 1110;
				ORGANIZATIONNAME = MacStudent;
				TargetAttributes = {
					1AD48A1E236CB9330005E36F = {
						CreatedOnToolsVersion = 11.1;
					};
				};
			};
			buildConfigurationList = 1AD48A1A236CB9330005E36F /* Build configuration list for PBXProject "C0765373_F2019_MAD3115_Mid-Term-Test-P1Test" */;
			compatibilityVersion = "Xcode 9.3";
			developmentRegion = en;
			hasScannedForEncodings = 0;
			knownRegions = (
				en,
				Base,
			);
			mainGroup = 1AD48A16236CB9330005E36F;
			productRefGroup = 1AD48A20236CB9330005E36F /* Products */;
			projectDirPath = "";
			projectRoot = "";
			targets = (
				1AD48A1E236CB9330005E36F /* C0765373_F2019_MAD3115_Mid-Term-Test-P1Test */,
			);
		};
/* End PBXProject section */

/* Begin PBXResourcesBuildPhase section */
		1AD48A1D236CB9330005E36F /* Resources */ = {
			isa = PBXResourcesBuildPhase;
			buildActionMask = 2147483647;
			files = (
				1AD48A2F236CB9340005E36F /* LaunchScreen.storyboard in Resources */,
				1AD48A37236CB9D20005E36F /* LC-full.jpg in Resources */,
				1AD48A2C236CB9340005E36F /* Assets.xcassets in Resources */,
				1AD48A2A236CB9330005E36F /* Main.storyboard in Resources */,
			);
			runOnlyForDeploymentPostprocessing = 0;
		};
/* End PBXResourcesBuildPhase section */

/* Begin PBXSourcesBuildPhase section */
		1AD48A1B236CB9330005E36F /* Sources */ = {
			isa = PBXSourcesBuildPhase;
			buildActionMask = 2147483647;
			files = (
				1AD48A27236CB9330005E36F /* ViewController.swift in Sources */,
				1AD48A23236CB9330005E36F /* AppDelegate.swift in Sources */,
				1AD48A25236CB9330005E36F /* SceneDelegate.swift in Sources */,
			);
			runOnlyForDeploymentPostprocessing = 0;
		};
/* End PBXSourcesBuildPhase section */

/* Begin PBXVariantGroup section */
		1AD48A28236CB9330005E36F /* Main.storyboard */ = {
			isa = PBXVariantGroup;
			children = (
				1AD48A29236CB9330005E36F /* Base */,
			);
			name = Main.storyboard;
			sourceTree = "<group>";
		};
		1AD48A2D236CB9340005E36F /* LaunchScreen.storyboard */ = {
			isa = PBXVariantGroup;
			children = (
				1AD48A2E236CB9340005E36F /* Base */,
			);
			name = LaunchScreen.storyboard;
			sourceTree = "<group>";
		};
/* End PBXVariantGroup section */

/* Begin XCBuildConfiguration section */
		1AD48A31236CB9340005E36F /* Debug */ = {
			isa = XCBuildConfiguration;
			buildSettings = {
				ALWAYS_SEARCH_USER_PATHS = NO;
				CLANG_ANALYZER_NONNULL = YES;
				CLANG_ANALYZER_NUMBER_OBJECT_CONVERSION = YES_AGGRESSIVE;
				CLANG_CXX_LANGUAGE_STANDARD = "gnu++14";
				CLANG_CXX_LIBRARY = "libc++";
				CLANG_ENABLE_MODULES = YES;
				CLANG_ENABLE_OBJC_ARC = YES;
				CLANG_ENABLE_OBJC_WEAK = YES;
				CLANG_WARN_BLOCK_CAPTURE_AUTORELEASING = YES;
				CLANG_WARN_BOOL_CONVERSION = YES;
				CLANG_WARN_COMMA = YES;
				CLANG_WARN_CONSTANT_CONVERSION = YES;
				CLANG_WARN_DEPRECATED_OBJC_IMPLEMENTATIONS = YES;
				CLANG_WARN_DIRECT_OBJC_ISA_USAGE = YES_ERROR;
				CLANG_WARN_DOCUMENTATION_COMMENTS = YES;
				CLANG_WARN_EMPTY_BODY = YES;
				CLANG_WARN_ENUM_CONVERSION = YES;
				CLANG_WARN_INFINITE_RECURSION = YES;
				CLANG_WARN_INT_CONVERSION = YES;
				CLANG_WARN_NON_LITERAL_NULL_CONVERSION = YES;
				CLANG_WARN_OBJC_IMPLICIT_RETAIN_SELF = YES;
				CLANG_WARN_OBJC_LITERAL_CONVERSION = YES;
				CLANG_WARN_OBJC_ROOT_CLASS = YES_ERROR;
				CLANG_WARN_RANGE_LOOP_ANALYSIS = YES;
				CLANG_WARN_STRICT_PROTOTYPES = YES;
				CLANG_WARN_SUSPICIOUS_MOVE = YES;
				CLANG_WARN_UNGUARDED_AVAILABILITY = YES_AGGRESSIVE;
				CLANG_WARN_UNREACHABLE_CODE = YES;
				CLANG_WARN__DUPLICATE_METHOD_MATCH = YES;
				COPY_PHASE_STRIP = NO;
				DEBUG_INFORMATION_FORMAT = dwarf;
				ENABLE_STRICT_OBJC_MSGSEND = YES;
				ENABLE_TESTABILITY = YES;
				GCC_C_LANGUAGE_STANDARD = gnu11;
				GCC_DYNAMIC_NO_PIC = NO;
				GCC_NO_COMMON_BLOCKS = YES;
				GCC_OPTIMIZATION_LEVEL = 0;
				GCC_PREPROCESSOR_DEFINITIONS = (
					"DEBUG=1",
					"$(inherited)",
				);
				GCC_WARN_64_TO_32_BIT_CONVERSION = YES;
				GCC_WARN_ABOUT_RETURN_TYPE = YES_ERROR;
				GCC_WARN_UNDECLARED_SELECTOR = YES;
				GCC_WARN_UNINITIALIZED_AUTOS = YES_AGGRESSIVE;
				GCC_WARN_UNUSED_FUNCTION = YES;
				GCC_WARN_UNUSED_VARIABLE = YES;
				IPHONEOS_DEPLOYMENT_TARGET = 13.1;
				MTL_ENABLE_DEBUG_INFO = INCLUDE_SOURCE;
				MTL_FAST_MATH = YES;
				ONLY_ACTIVE_ARCH = YES;
				SDKROOT = iphoneos;
				SWIFT_ACTIVE_COMPILATION_CONDITIONS = DEBUG;
				SWIFT_OPTIMIZATION_LEVEL = "-Onone";
			};
			name = Debug;
		};
		1AD48A32236CB9340005E36F /* Release */ = {
			isa = XCBuildConfiguration;
			buildSettings = {
				ALWAYS_SEARCH_USER_PATHS = NO;
				CLANG_ANALYZER_NONNULL = YES;
				CLANG_ANALYZER_NUMBER_OBJECT_CONVERSION = YES_AGGRESSIVE;
				CLANG_CXX_LANGUAGE_STANDARD = "gnu++14";
				CLANG_CXX_LIBRARY = "libc++";
				CLANG_ENABLE_MODULES = YES;
				CLANG_ENABLE_OBJC_ARC = YES;
				CLANG_ENABLE_OBJC_WEAK = YES;
				CLANG_WARN_BLOCK_CAPTURE_AUTORELEASING = YES;
				CLANG_WARN_BOOL_CONVERSION = YES;
				CLANG_WARN_COMMA = YES;
				CLANG_WARN_CONSTANT_CONVERSION = YES;
				CLANG_WARN_DEPRECATED_OBJC_IMPLEMENTATIONS = YES;
				CLANG_WARN_DIRECT_OBJC_ISA_USAGE = YES_ERROR;
				CLANG_WARN_DOCUMENTATION_COMMENTS = YES;
				CLANG_WARN_EMPTY_BODY = YES;
				CLANG_WARN_ENUM_CONVERSION = YES;
				CLANG_WARN_INFINITE_RECURSION = YES;
				CLANG_WARN_INT_CONVERSION = YES;
				CLANG_WARN_NON_LITERAL_NULL_CONVERSION = YES;
				CLANG_WARN_OBJC_IMPLICIT_RETAIN_SELF = YES;
				CLANG_WARN_OBJC_LITERAL_CONVERSION = YES;
				CLANG_WARN_OBJC_ROOT_CLASS = YES_ERROR;
				CLANG_WARN_RANGE_LOOP_ANALYSIS = YES;
				CLANG_WARN_STRICT_PROTOTYPES = YES;
				CLANG_WARN_SUSPICIOUS_MOVE = YES;
				CLANG_WARN_UNGUARDED_AVAILABILITY = YES_AGGRESSIVE;
				CLANG_WARN_UNREACHABLE_CODE = YES;
				CLANG_WARN__DUPLICATE_METHOD_MATCH = YES;
				COPY_PHASE_STRIP = NO;
				DEBUG_INFORMATION_FORMAT = "dwarf-with-dsym";
				ENABLE_NS_ASSERTIONS = NO;
				ENABLE_STRICT_OBJC_MSGSEND = YES;
				GCC_C_LANGUAGE_STANDARD = gnu11;
				GCC_NO_COMMON_BLOCKS = YES;
				GCC_WARN_64_TO_32_BIT_CONVERSION = YES;
				GCC_WARN_ABOUT_RETURN_TYPE = YES_ERROR;
				GCC_WARN_UNDECLARED_SELECTOR = YES;
				GCC_WARN_UNINITIALIZED_AUTOS = YES_AGGRESSIVE;
				GCC_WARN_UNUSED_FUNCTION = YES;
				GCC_WARN_UNUSED_VARIABLE = YES;
				IPHONEOS_DEPLOYMENT_TARGET = 13.1;
				MTL_ENABLE_DEBUG_INFO = NO;
				MTL_FAST_MATH = YES;
				SDKROOT = iphoneos;
				SWIFT_COMPILATION_MODE = wholemodule;
				SWIFT_OPTIMIZATION_LEVEL = "-O";
				VALIDATE_PRODUCT = YES;
			};
			name = Release;
		};
		1AD48A34236CB9340005E36F /* Debug */ = {
			isa = XCBuildConfiguration;
			buildSettings = {
				ASSETCATALOG_COMPILER_APPICON_NAME = AppIcon;
				CODE_SIGN_STYLE = Automatic;
				INFOPLIST_FILE = "C0765373_F2019_MAD3115_Mid-Term-Test-P1Test/Info.plist";
				LD_RUNPATH_SEARCH_PATHS = (
					"$(inherited)",
					"@executable_path/Frameworks",
				);
				PRODUCT_BUNDLE_IDENTIFIER = "MADT.C0765373-F2019-MAD3115-Mid-Term-Test-P1Test";
				PRODUCT_NAME = "$(TARGET_NAME)";
				SWIFT_VERSION = 5.0;
				TARGETED_DEVICE_FAMILY = "1,2";
			};
			name = Debug;
		};
		1AD48A35236CB9340005E36F /* Release */ = {
			isa = XCBuildConfiguration;
			buildSettings = {
				ASSETCATALOG_COMPILER_APPICON_NAME = AppIcon;
				CODE_SIGN_STYLE = Automatic;
				INFOPLIST_FILE = "C0765373_F2019_MAD3115_Mid-Term-Test-P1Test/Info.plist";
				LD_RUNPATH_SEARCH_PATHS = (
					"$(inherited)",
					"@executable_path/Frameworks",
				);
				PRODUCT_BUNDLE_IDENTIFIER = "MADT.C0765373-F2019-MAD3115-Mid-Term-Test-P1Test";
				PRODUCT_NAME = "$(TARGET_NAME)";
				SWIFT_VERSION = 5.0;
				TARGETED_DEVICE_FAMILY = "1,2";
			};
			name = Release;
		};
/* End XCBuildConfiguration section */

/* Begin XCConfigurationList section */
		1AD48A1A236CB9330005E36F /* Build configuration list for PBXProject "C0765373_F2019_MAD3115_Mid-Term-Test-P1Test" */ = {
			isa = XCConfigurationList;
			buildConfigurations = (
				1AD48A31236CB9340005E36F /* Debug */,
				1AD48A32236CB9340005E36F /* Release */,
			);
			defaultConfigurationIsVisible = 0;
			defaultConfigurationName = Release;
		};
		1AD48A33236CB9340005E36F /* Build configuration list for PBXNativeTarget "C0765373_F2019_MAD3115_Mid-Term-Test-P1Test" */ = {
			isa = XCConfigurationList;
			buildConfigurations = (
				1AD48A34236CB9340005E36F /* Debug */,
				1AD48A35236CB9340005E36F /* Release */,
			);
			defaultConfigurationIsVisible = 0;
			defaultConfigurationName = Release;
		};
/* End XCConfigurationList section */
	};
	rootObject = 1AD48A17236CB9330005E36F /* Project object */;
}
